
Microsoft Visual Studio Solution File, Format Version 12.00
# Visual Studio Version 17
VisualStudioVersion = 17.6.33829.357
MinimumVisualStudioVersion = 10.0.40219.1
Project("{9A19103F-16F7-4668-BE54-9A1E7A4F7556}") = "PoCApp1Web", "PoCApp1Web\PoCApp1Web.csproj", "{C43E3BA8-5344-4D21-A6A2-CAAAFA902C80}"
EndProject
Project("{2150E333-8FDC-42A3-9474-1A3956D46DE8}") = "Solution Items", "Solution Items", "{915D7237-F802-40F9-A8E1-DF7A306F9EFC}"
	ProjectSection(SolutionItems) = preProject
		buildspec.yml = buildspec.yml
	EndProjectSection
EndProject
Global
	GlobalSection(SolutionConfigurationPlatforms) = preSolution
		Debug|Any CPU = Debug|Any CPU
		Release|Any CPU = Release|Any CPU
	EndGlobalSection
	GlobalSection(ProjectConfigurationPlatforms) = postSolution
		{C43E3BA8-5344-4D21-A6A2-CAAAFA902C80}.Debug|Any CPU.ActiveCfg = Debug|Any CPU
		{C43E3BA8-5344-4D21-A6A2-CAAAFA902C80}.Debug|Any CPU.Build.0 = Debug|Any CPU
		{C43E3BA8-5344-4D21-A6A2-CAAAFA902C80}.Release|Any CPU.ActiveCfg = Release|Any CPU
		{C43E3BA8-5344-4D21-A6A2-CAAAFA902C80}.Release|Any CPU.Build.0 = Release|Any CPU
	EndGlobalSection
	GlobalSection(SolutionProperties) = preSolution
		HideSolutionNode = FALSE
	EndGlobalSection
	GlobalSection(ExtensibilityGlobals) = postSolution
		SolutionGuid = {B91C2DB1-4F46-4F5D-B9EA-FD23CD0E85DD}
	EndGlobalSection
EndGlobal
